// !$*UTF8*$!
{
	archiveVersion = 1;
	classes = {
	};
	objectVersion = 48;
	objects = {

/* Begin PBXBuildFile section */
		0032C53020E98C0400A25023 /* AppDelegate.swift in Sources */ = {isa = PBXBuildFile; fileRef = 0032C52F20E98C0400A25023 /* AppDelegate.swift */; };
		0032C53220E98C0400A25023 /* TimeLineViewController.swift in Sources */ = {isa = PBXBuildFile; fileRef = 0032C53120E98C0400A25023 /* TimeLineViewController.swift */; };
		0032C53520E98C0400A25023 /* Main.storyboard in Resources */ = {isa = PBXBuildFile; fileRef = 0032C53320E98C0400A25023 /* Main.storyboard */; };
		0032C53720E98C0400A25023 /* Assets.xcassets in Resources */ = {isa = PBXBuildFile; fileRef = 0032C53620E98C0400A25023 /* Assets.xcassets */; };
		0032C53A20E98C0400A25023 /* LaunchScreen.storyboard in Resources */ = {isa = PBXBuildFile; fileRef = 0032C53820E98C0400A25023 /* LaunchScreen.storyboard */; };
		0032C54520E98C0400A25023 /* InstaluraSwiftTests.swift in Sources */ = {isa = PBXBuildFile; fileRef = 0032C54420E98C0400A25023 /* InstaluraSwiftTests.swift */; };
		0032C55020E98C0400A25023 /* InstaluraSwiftUITests.swift in Sources */ = {isa = PBXBuildFile; fileRef = 0032C54F20E98C0400A25023 /* InstaluraSwiftUITests.swift */; };
		00B1FD2120E9AD59002F3860 /* TimeLine.swift in Sources */ = {isa = PBXBuildFile; fileRef = 00B1FD2020E9AD59002F3860 /* TimeLine.swift */; };
		00F75F2620F430FE00EC88DD /* PostTableViewCell.swift in Sources */ = {isa = PBXBuildFile; fileRef = 00F75F2520F430FE00EC88DD /* PostTableViewCell.swift */; };
		5F376815D6714D0F7CC7B4F6 /* Pods_InstaluraSwift.framework in Frameworks */ = {isa = PBXBuildFile; fileRef = 7660F7F9D3D5BE6C30DF4429 /* Pods_InstaluraSwift.framework */; };
/* End PBXBuildFile section */

/* Begin PBXContainerItemProxy section */
		0032C54120E98C0400A25023 /* PBXContainerItemProxy */ = {
			isa = PBXContainerItemProxy;
			containerPortal = 0032C52420E98C0400A25023 /* Project object */;
			proxyType = 1;
			remoteGlobalIDString = 0032C52B20E98C0400A25023;
			remoteInfo = InstaluraSwift;
		};
		0032C54C20E98C0400A25023 /* PBXContainerItemProxy */ = {
			isa = PBXContainerItemProxy;
			containerPortal = 0032C52420E98C0400A25023 /* Project object */;
			proxyType = 1;
			remoteGlobalIDString = 0032C52B20E98C0400A25023;
			remoteInfo = InstaluraSwift;
		};
/* End PBXContainerItemProxy section */

/* Begin PBXFileReference section */
		0032C52C20E98C0400A25023 /* InstaluraSwift.app */ = {isa = PBXFileReference; explicitFileType = wrapper.application; includeInIndex = 0; path = InstaluraSwift.app; sourceTree = BUILT_PRODUCTS_DIR; };
		0032C52F20E98C0400A25023 /* AppDelegate.swift */ = {isa = PBXFileReference; lastKnownFileType = sourcecode.swift; path = AppDelegate.swift; sourceTree = "<group>"; };
		0032C53120E98C0400A25023 /* TimeLineViewController.swift */ = {isa = PBXFileReference; lastKnownFileType = sourcecode.swift; path = TimeLineViewController.swift; sourceTree = "<group>"; };
		0032C53420E98C0400A25023 /* Base */ = {isa = PBXFileReference; lastKnownFileType = file.storyboard; name = Base; path = Base.lproj/Main.storyboard; sourceTree = "<group>"; };
		0032C53620E98C0400A25023 /* Assets.xcassets */ = {isa = PBXFileReference; lastKnownFileType = folder.assetcatalog; path = Assets.xcassets; sourceTree = "<group>"; };
		0032C53920E98C0400A25023 /* Base */ = {isa = PBXFileReference; lastKnownFileType = file.storyboard; name = Base; path = Base.lproj/LaunchScreen.storyboard; sourceTree = "<group>"; };
		0032C53B20E98C0400A25023 /* Info.plist */ = {isa = PBXFileReference; lastKnownFileType = text.plist.xml; path = Info.plist; sourceTree = "<group>"; };
		0032C54020E98C0400A25023 /* InstaluraSwiftTests.xctest */ = {isa = PBXFileReference; explicitFileType = wrapper.cfbundle; includeInIndex = 0; path = InstaluraSwiftTests.xctest; sourceTree = BUILT_PRODUCTS_DIR; };
		0032C54420E98C0400A25023 /* InstaluraSwiftTests.swift */ = {isa = PBXFileReference; lastKnownFileType = sourcecode.swift; path = InstaluraSwiftTests.swift; sourceTree = "<group>"; };
		0032C54620E98C0400A25023 /* Info.plist */ = {isa = PBXFileReference; lastKnownFileType = text.plist.xml; path = Info.plist; sourceTree = "<group>"; };
		0032C54B20E98C0400A25023 /* InstaluraSwiftUITests.xctest */ = {isa = PBXFileReference; explicitFileType = wrapper.cfbundle; includeInIndex = 0; path = InstaluraSwiftUITests.xctest; sourceTree = BUILT_PRODUCTS_DIR; };
		0032C54F20E98C0400A25023 /* InstaluraSwiftUITests.swift */ = {isa = PBXFileReference; lastKnownFileType = sourcecode.swift; path = InstaluraSwiftUITests.swift; sourceTree = "<group>"; };
		0032C55120E98C0400A25023 /* Info.plist */ = {isa = PBXFileReference; lastKnownFileType = text.plist.xml; path = Info.plist; sourceTree = "<group>"; };
		00B1FD2020E9AD59002F3860 /* TimeLine.swift */ = {isa = PBXFileReference; lastKnownFileType = sourcecode.swift; path = TimeLine.swift; sourceTree = "<group>"; };
		00F75F2520F430FE00EC88DD /* PostTableViewCell.swift */ = {isa = PBXFileReference; lastKnownFileType = sourcecode.swift; path = PostTableViewCell.swift; sourceTree = "<group>"; };
		02469F07C409C5C4CEB65EE3 /* Pods-InstaluraSwift.debug.xcconfig */ = {isa = PBXFileReference; includeInIndex = 1; lastKnownFileType = text.xcconfig; name = "Pods-InstaluraSwift.debug.xcconfig"; path = "Pods/Target Support Files/Pods-InstaluraSwift/Pods-InstaluraSwift.debug.xcconfig"; sourceTree = "<group>"; };
		7660F7F9D3D5BE6C30DF4429 /* Pods_InstaluraSwift.framework */ = {isa = PBXFileReference; explicitFileType = wrapper.framework; includeInIndex = 0; path = Pods_InstaluraSwift.framework; sourceTree = BUILT_PRODUCTS_DIR; };
		D9EF6AB55B5E5CC493A8FD17 /* Pods-InstaluraSwift.release.xcconfig */ = {isa = PBXFileReference; includeInIndex = 1; lastKnownFileType = text.xcconfig; name = "Pods-InstaluraSwift.release.xcconfig"; path = "Pods/Target Support Files/Pods-InstaluraSwift/Pods-InstaluraSwift.release.xcconfig"; sourceTree = "<group>"; };
/* End PBXFileReference section */

/* Begin PBXFrameworksBuildPhase section */
		0032C52920E98C0400A25023 /* Frameworks */ = {
			isa = PBXFrameworksBuildPhase;
			buildActionMask = 2147483647;
			files = (
				5F376815D6714D0F7CC7B4F6 /* Pods_InstaluraSwift.framework in Frameworks */,
			);
			runOnlyForDeploymentPostprocessing = 0;
		};
		0032C53D20E98C0400A25023 /* Frameworks */ = {
			isa = PBXFrameworksBuildPhase;
			buildActionMask = 2147483647;
			files = (
			);
			runOnlyForDeploymentPostprocessing = 0;
		};
		0032C54820E98C0400A25023 /* Frameworks */ = {
			isa = PBXFrameworksBuildPhase;
			buildActionMask = 2147483647;
			files = (
			);
			runOnlyForDeploymentPostprocessing = 0;
		};
/* End PBXFrameworksBuildPhase section */

/* Begin PBXGroup section */
		0032C52320E98C0400A25023 = {
			isa = PBXGroup;
			children = (
				0032C52E20E98C0400A25023 /* InstaluraSwift */,
				0032C54320E98C0400A25023 /* InstaluraSwiftTests */,
				0032C54E20E98C0400A25023 /* InstaluraSwiftUITests */,
				0032C52D20E98C0400A25023 /* Products */,
				6E6142269C50A9F9018F19B0 /* Pods */,
				349084E6F3BC2215F5DA710A /* Frameworks */,
			);
			sourceTree = "<group>";
		};
		0032C52D20E98C0400A25023 /* Products */ = {
			isa = PBXGroup;
			children = (
				0032C52C20E98C0400A25023 /* InstaluraSwift.app */,
				0032C54020E98C0400A25023 /* InstaluraSwiftTests.xctest */,
				0032C54B20E98C0400A25023 /* InstaluraSwiftUITests.xctest */,
			);
			name = Products;
			sourceTree = "<group>";
		};
		0032C52E20E98C0400A25023 /* InstaluraSwift */ = {
			isa = PBXGroup;
			children = (
				0032C52F20E98C0400A25023 /* AppDelegate.swift */,
				0032C53120E98C0400A25023 /* TimeLineViewController.swift */,
				0032C53320E98C0400A25023 /* Main.storyboard */,
				0032C53620E98C0400A25023 /* Assets.xcassets */,
				0032C53820E98C0400A25023 /* LaunchScreen.storyboard */,
				0032C53B20E98C0400A25023 /* Info.plist */,
				00B1FD2020E9AD59002F3860 /* TimeLine.swift */,
				00F75F2520F430FE00EC88DD /* PostTableViewCell.swift */,
			);
			path = InstaluraSwift;
			sourceTree = "<group>";
		};
		0032C54320E98C0400A25023 /* InstaluraSwiftTests */ = {
			isa = PBXGroup;
			children = (
				0032C54420E98C0400A25023 /* InstaluraSwiftTests.swift */,
				0032C54620E98C0400A25023 /* Info.plist */,
			);
			path = InstaluraSwiftTests;
			sourceTree = "<group>";
		};
		0032C54E20E98C0400A25023 /* InstaluraSwiftUITests */ = {
			isa = PBXGroup;
			children = (
				0032C54F20E98C0400A25023 /* InstaluraSwiftUITests.swift */,
				0032C55120E98C0400A25023 /* Info.plist */,
			);
			path = InstaluraSwiftUITests;
			sourceTree = "<group>";
		};
		349084E6F3BC2215F5DA710A /* Frameworks */ = {
			isa = PBXGroup;
			children = (
				7660F7F9D3D5BE6C30DF4429 /* Pods_InstaluraSwift.framework */,
			);
			name = Frameworks;
			sourceTree = "<group>";
		};
		6E6142269C50A9F9018F19B0 /* Pods */ = {
			isa = PBXGroup;
			children = (
				02469F07C409C5C4CEB65EE3 /* Pods-InstaluraSwift.debug.xcconfig */,
				D9EF6AB55B5E5CC493A8FD17 /* Pods-InstaluraSwift.release.xcconfig */,
			);
			name = Pods;
			sourceTree = "<group>";
		};
/* End PBXGroup section */

/* Begin PBXNativeTarget section */
		0032C52B20E98C0400A25023 /* InstaluraSwift */ = {
			isa = PBXNativeTarget;
			buildConfigurationList = 0032C55420E98C0400A25023 /* Build configuration list for PBXNativeTarget "InstaluraSwift" */;
			buildPhases = (
				1BD640D54AD9EBDA660DA190 /* [CP] Check Pods Manifest.lock */,
				0032C52820E98C0400A25023 /* Sources */,
				0032C52920E98C0400A25023 /* Frameworks */,
				0032C52A20E98C0400A25023 /* Resources */,
				0B48A7CC0EB8B87107A04629 /* [CP] Embed Pods Frameworks */,
				DDF2B3E952745C67406564CE /* [CP] Copy Pods Resources */,
			);
			buildRules = (
			);
			dependencies = (
			);
			name = InstaluraSwift;
			productName = InstaluraSwift;
			productReference = 0032C52C20E98C0400A25023 /* InstaluraSwift.app */;
			productType = "com.apple.product-type.application";
		};
		0032C53F20E98C0400A25023 /* InstaluraSwiftTests */ = {
			isa = PBXNativeTarget;
			buildConfigurationList = 0032C55720E98C0400A25023 /* Build configuration list for PBXNativeTarget "InstaluraSwiftTests" */;
			buildPhases = (
				0032C53C20E98C0400A25023 /* Sources */,
				0032C53D20E98C0400A25023 /* Frameworks */,
				0032C53E20E98C0400A25023 /* Resources */,
			);
			buildRules = (
			);
			dependencies = (
				0032C54220E98C0400A25023 /* PBXTargetDependency */,
			);
			name = InstaluraSwiftTests;
			productName = InstaluraSwiftTests;
			productReference = 0032C54020E98C0400A25023 /* InstaluraSwiftTests.xctest */;
			productType = "com.apple.product-type.bundle.unit-test";
		};
		0032C54A20E98C0400A25023 /* InstaluraSwiftUITests */ = {
			isa = PBXNativeTarget;
			buildConfigurationList = 0032C55A20E98C0400A25023 /* Build configuration list for PBXNativeTarget "InstaluraSwiftUITests" */;
			buildPhases = (
				0032C54720E98C0400A25023 /* Sources */,
				0032C54820E98C0400A25023 /* Frameworks */,
				0032C54920E98C0400A25023 /* Resources */,
			);
			buildRules = (
			);
			dependencies = (
				0032C54D20E98C0400A25023 /* PBXTargetDependency */,
			);
			name = InstaluraSwiftUITests;
			productName = InstaluraSwiftUITests;
			productReference = 0032C54B20E98C0400A25023 /* InstaluraSwiftUITests.xctest */;
			productType = "com.apple.product-type.bundle.ui-testing";
		};
/* End PBXNativeTarget section */

/* Begin PBXProject section */
		0032C52420E98C0400A25023 /* Project object */ = {
			isa = PBXProject;
			attributes = {
				LastSwiftUpdateCheck = 0900;
				LastUpgradeCheck = 0900;
				ORGANIZATIONNAME = "Pedro Brandão";
				TargetAttributes = {
					0032C52B20E98C0400A25023 = {
						CreatedOnToolsVersion = 9.0;
						ProvisioningStyle = Automatic;
					};
					0032C53F20E98C0400A25023 = {
						CreatedOnToolsVersion = 9.0;
						ProvisioningStyle = Automatic;
						TestTargetID = 0032C52B20E98C0400A25023;
					};
					0032C54A20E98C0400A25023 = {
						CreatedOnToolsVersion = 9.0;
						ProvisioningStyle = Automatic;
						TestTargetID = 0032C52B20E98C0400A25023;
					};
				};
			};
			buildConfigurationList = 0032C52720E98C0400A25023 /* Build configuration list for PBXProject "InstaluraSwift" */;
			compatibilityVersion = "Xcode 8.0";
			developmentRegion = en;
			hasScannedForEncodings = 0;
			knownRegions = (
				en,
				Base,
			);
			mainGroup = 0032C52320E98C0400A25023;
			productRefGroup = 0032C52D20E98C0400A25023 /* Products */;
			projectDirPath = "";
			projectRoot = "";
			targets = (
				0032C52B20E98C0400A25023 /* InstaluraSwift */,
				0032C53F20E98C0400A25023 /* InstaluraSwiftTests */,
				0032C54A20E98C0400A25023 /* InstaluraSwiftUITests */,
			);
		};
/* End PBXProject section */

/* Begin PBXResourcesBuildPhase section */
		0032C52A20E98C0400A25023 /* Resources */ = {
			isa = PBXResourcesBuildPhase;
			buildActionMask = 2147483647;
			files = (
				0032C53A20E98C0400A25023 /* LaunchScreen.storyboard in Resources */,
				0032C53720E98C0400A25023 /* Assets.xcassets in Resources */,
				0032C53520E98C0400A25023 /* Main.storyboard in Resources */,
			);
			runOnlyForDeploymentPostprocessing = 0;
		};
		0032C53E20E98C0400A25023 /* Resources */ = {
			isa = PBXResourcesBuildPhase;
			buildActionMask = 2147483647;
			files = (
			);
			runOnlyForDeploymentPostprocessing = 0;
		};
		0032C54920E98C0400A25023 /* Resources */ = {
			isa = PBXResourcesBuildPhase;
			buildActionMask = 2147483647;
			files = (
			);
			runOnlyForDeploymentPostprocessing = 0;
		};
/* End PBXResourcesBuildPhase section */

/* Begin PBXShellScriptBuildPhase section */
		0B48A7CC0EB8B87107A04629 /* [CP] Embed Pods Frameworks */ = {
			isa = PBXShellScriptBuildPhase;
			buildActionMask = 2147483647;
			files = (
			);
			inputPaths = (
				"${SRCROOT}/Pods/Target Support Files/Pods-InstaluraSwift/Pods-InstaluraSwift-frameworks.sh",
				"${BUILT_PRODUCTS_DIR}/Alamofire/Alamofire.framework",
				"${BUILT_PRODUCTS_DIR}/ReSwift/ReSwift.framework",
			);
			name = "[CP] Embed Pods Frameworks";
			outputPaths = (
				"${TARGET_BUILD_DIR}/${FRAMEWORKS_FOLDER_PATH}/Alamofire.framework",
				"${TARGET_BUILD_DIR}/${FRAMEWORKS_FOLDER_PATH}/ReSwift.framework",
			);
			runOnlyForDeploymentPostprocessing = 0;
			shellPath = /bin/sh;
			shellScript = "\"${SRCROOT}/Pods/Target Support Files/Pods-InstaluraSwift/Pods-InstaluraSwift-frameworks.sh\"\n";
			showEnvVarsInLog = 0;
		};
		1BD640D54AD9EBDA660DA190 /* [CP] Check Pods Manifest.lock */ = {
			isa = PBXShellScriptBuildPhase;
			buildActionMask = 2147483647;
			files = (
			);
			inputPaths = (
				"${PODS_PODFILE_DIR_PATH}/Podfile.lock",
				"${PODS_ROOT}/Manifest.lock",
			);
			name = "[CP] Check Pods Manifest.lock";
			outputPaths = (
				"$(DERIVED_FILE_DIR)/Pods-InstaluraSwift-checkManifestLockResult.txt",
			);
			runOnlyForDeploymentPostprocessing = 0;
			shellPath = /bin/sh;
			shellScript = "diff \"${PODS_PODFILE_DIR_PATH}/Podfile.lock\" \"${PODS_ROOT}/Manifest.lock\" > /dev/null\nif [ $? != 0 ] ; then\n    # print error to STDERR\n    echo \"error: The sandbox is not in sync with the Podfile.lock. Run 'pod install' or update your CocoaPods installation.\" >&2\n    exit 1\nfi\n# This output is used by Xcode 'outputs' to avoid re-running this script phase.\necho \"SUCCESS\" > \"${SCRIPT_OUTPUT_FILE_0}\"\n";
			showEnvVarsInLog = 0;
		};
		DDF2B3E952745C67406564CE /* [CP] Copy Pods Resources */ = {
			isa = PBXShellScriptBuildPhase;
			buildActionMask = 2147483647;
			files = (
			);
			inputPaths = (
			);
			name = "[CP] Copy Pods Resources";
			outputPaths = (
			);
			runOnlyForDeploymentPostprocessing = 0;
			shellPath = /bin/sh;
			shellScript = "\"${SRCROOT}/Pods/Target Support Files/Pods-InstaluraSwift/Pods-InstaluraSwift-resources.sh\"\n";
			showEnvVarsInLog = 0;
		};
/* End PBXShellScriptBuildPhase section */

/* Begin PBXSourcesBuildPhase section */
		0032C52820E98C0400A25023 /* Sources */ = {
			isa = PBXSourcesBuildPhase;
			buildActionMask = 2147483647;
			files = (
				0032C53220E98C0400A25023 /* TimeLineViewController.swift in Sources */,
				0032C53020E98C0400A25023 /* AppDelegate.swift in Sources */,
				00B1FD2120E9AD59002F3860 /* TimeLine.swift in Sources */,
				00F75F2620F430FE00EC88DD /* PostTableViewCell.swift in Sources */,
			);
			runOnlyForDeploymentPostprocessing = 0;
		};
		0032C53C20E98C0400A25023 /* Sources */ = {
			isa = PBXSourcesBuildPhase;
			buildActionMask = 2147483647;
			files = (
				0032C54520E98C0400A25023 /* InstaluraSwiftTests.swift in Sources */,
			);
			runOnlyForDeploymentPostprocessing = 0;
		};
		0032C54720E98C0400A25023 /* Sources */ = {
			isa = PBXSourcesBuildPhase;
			buildActionMask = 2147483647;
			files = (
				0032C55020E98C0400A25023 /* InstaluraSwiftUITests.swift in Sources */,
			);
			runOnlyForDeploymentPostprocessing = 0;
		};
/* End PBXSourcesBuildPhase section */

/* Begin PBXTargetDependency section */
		0032C54220E98C0400A25023 /* PBXTargetDependency */ = {
			isa = PBXTargetDependency;
			target = 0032C52B20E98C0400A25023 /* InstaluraSwift */;
			targetProxy = 0032C54120E98C0400A25023 /* PBXContainerItemProxy */;
		};
		0032C54D20E98C0400A25023 /* PBXTargetDependency */ = {
			isa = PBXTargetDependency;
			target = 0032C52B20E98C0400A25023 /* InstaluraSwift */;
			targetProxy = 0032C54C20E98C0400A25023 /* PBXContainerItemProxy */;
		};
/* End PBXTargetDependency section */

/* Begin PBXVariantGroup section */
		0032C53320E98C0400A25023 /* Main.storyboard */ = {
			isa = PBXVariantGroup;
			children = (
				0032C53420E98C0400A25023 /* Base */,
			);
			name = Main.storyboard;
			sourceTree = "<group>";
		};
		0032C53820E98C0400A25023 /* LaunchScreen.storyboard */ = {
			isa = PBXVariantGroup;
			children = (
				0032C53920E98C0400A25023 /* Base */,
			);
			name = LaunchScreen.storyboard;
			sourceTree = "<group>";
		};
/* End PBXVariantGroup section */

/* Begin XCBuildConfiguration section */
		0032C55220E98C0400A25023 /* Debug */ = {
			isa = XCBuildConfiguration;
			buildSettings = {
				ALWAYS_SEARCH_USER_PATHS = NO;
				CLANG_ANALYZER_NONNULL = YES;
				CLANG_ANALYZER_NUMBER_OBJECT_CONVERSION = YES_AGGRESSIVE;
				CLANG_CXX_LANGUAGE_STANDARD = "gnu++14";
				CLANG_CXX_LIBRARY = "libc++";
				CLANG_ENABLE_MODULES = YES;
				CLANG_ENABLE_OBJC_ARC = YES;
				CLANG_WARN_BLOCK_CAPTURE_AUTORELEASING = YES;
				CLANG_WARN_BOOL_CONVERSION = YES;
				CLANG_WARN_COMMA = YES;
				CLANG_WARN_CONSTANT_CONVERSION = YES;
				CLANG_WARN_DIRECT_OBJC_ISA_USAGE = YES_ERROR;
				CLANG_WARN_DOCUMENTATION_COMMENTS = YES;
				CLANG_WARN_EMPTY_BODY = YES;
				CLANG_WARN_ENUM_CONVERSION = YES;
				CLANG_WARN_INFINITE_RECURSION = YES;
				CLANG_WARN_INT_CONVERSION = YES;
				CLANG_WARN_NON_LITERAL_NULL_CONVERSION = YES;
				CLANG_WARN_OBJC_LITERAL_CONVERSION = YES;
				CLANG_WARN_OBJC_ROOT_CLASS = YES_ERROR;
				CLANG_WARN_RANGE_LOOP_ANALYSIS = YES;
				CLANG_WARN_STRICT_PROTOTYPES = YES;
				CLANG_WARN_SUSPICIOUS_MOVE = YES;
				CLANG_WARN_UNGUARDED_AVAILABILITY = YES_AGGRESSIVE;
				CLANG_WARN_UNREACHABLE_CODE = YES;
				CLANG_WARN__DUPLICATE_METHOD_MATCH = YES;
				CODE_SIGN_IDENTITY = "iPhone Developer";
				COPY_PHASE_STRIP = NO;
				DEBUG_INFORMATION_FORMAT = dwarf;
				ENABLE_STRICT_OBJC_MSGSEND = YES;
				ENABLE_TESTABILITY = YES;
				GCC_C_LANGUAGE_STANDARD = gnu11;
				GCC_DYNAMIC_NO_PIC = NO;
				GCC_NO_COMMON_BLOCKS = YES;
				GCC_OPTIMIZATION_LEVEL = 0;
				GCC_PREPROCESSOR_DEFINITIONS = (
					"DEBUG=1",
					"$(inherited)",
				);
				GCC_WARN_64_TO_32_BIT_CONVERSION = YES;
				GCC_WARN_ABOUT_RETURN_TYPE = YES_ERROR;
				GCC_WARN_UNDECLARED_SELECTOR = YES;
				GCC_WARN_UNINITIALIZED_AUTOS = YES_AGGRESSIVE;
				GCC_WARN_UNUSED_FUNCTION = YES;
				GCC_WARN_UNUSED_VARIABLE = YES;
				IPHONEOS_DEPLOYMENT_TARGET = 11.0;
				MTL_ENABLE_DEBUG_INFO = YES;
				ONLY_ACTIVE_ARCH = YES;
				SDKROOT = iphoneos;
				SWIFT_ACTIVE_COMPILATION_CONDITIONS = DEBUG;
				SWIFT_OPTIMIZATION_LEVEL = "-Onone";
			};
			name = Debug;
		};
		0032C55320E98C0400A25023 /* Release */ = {
			isa = XCBuildConfiguration;
			buildSettings = {
				ALWAYS_SEARCH_USER_PATHS = NO;
				CLANG_ANALYZER_NONNULL = YES;
				CLANG_ANALYZER_NUMBER_OBJECT_CONVERSION = YES_AGGRESSIVE;
				CLANG_CXX_LANGUAGE_STANDARD = "gnu++14";
				CLANG_CXX_LIBRARY = "libc++";
				CLANG_ENABLE_MODULES = YES;
				CLANG_ENABLE_OBJC_ARC = YES;
				CLANG_WARN_BLOCK_CAPTURE_AUTORELEASING = YES;
				CLANG_WARN_BOOL_CONVERSION = YES;
				CLANG_WARN_COMMA = YES;
				CLANG_WARN_CONSTANT_CONVERSION = YES;
				CLANG_WARN_DIRECT_OBJC_ISA_USAGE = YES_ERROR;
				CLANG_WARN_DOCUMENTATION_COMMENTS = YES;
				CLANG_WARN_EMPTY_BODY = YES;
				CLANG_WARN_ENUM_CONVERSION = YES;
				CLANG_WARN_INFINITE_RECURSION = YES;
				CLANG_WARN_INT_CONVERSION = YES;
				CLANG_WARN_NON_LITERAL_NULL_CONVERSION = YES;
				CLANG_WARN_OBJC_LITERAL_CONVERSION = YES;
				CLANG_WARN_OBJC_ROOT_CLASS = YES_ERROR;
				CLANG_WARN_RANGE_LOOP_ANALYSIS = YES;
				CLANG_WARN_STRICT_PROTOTYPES = YES;
				CLANG_WARN_SUSPICIOUS_MOVE = YES;
				CLANG_WARN_UNGUARDED_AVAILABILITY = YES_AGGRESSIVE;
				CLANG_WARN_UNREACHABLE_CODE = YES;
				CLANG_WARN__DUPLICATE_METHOD_MATCH = YES;
				CODE_SIGN_IDENTITY = "iPhone Developer";
				COPY_PHASE_STRIP = NO;
				DEBUG_INFORMATION_FORMAT = "dwarf-with-dsym";
				ENABLE_NS_ASSERTIONS = NO;
				ENABLE_STRICT_OBJC_MSGSEND = YES;
				GCC_C_LANGUAGE_STANDARD = gnu11;
				GCC_NO_COMMON_BLOCKS = YES;
				GCC_WARN_64_TO_32_BIT_CONVERSION = YES;
				GCC_WARN_ABOUT_RETURN_TYPE = YES_ERROR;
				GCC_WARN_UNDECLARED_SELECTOR = YES;
				GCC_WARN_UNINITIALIZED_AUTOS = YES_AGGRESSIVE;
				GCC_WARN_UNUSED_FUNCTION = YES;
				GCC_WARN_UNUSED_VARIABLE = YES;
				IPHONEOS_DEPLOYMENT_TARGET = 11.0;
				MTL_ENABLE_DEBUG_INFO = NO;
				SDKROOT = iphoneos;
				SWIFT_OPTIMIZATION_LEVEL = "-Owholemodule";
				VALIDATE_PRODUCT = YES;
			};
			name = Release;
		};
		0032C55520E98C0400A25023 /* Debug */ = {
			isa = XCBuildConfiguration;
			baseConfigurationReference = 02469F07C409C5C4CEB65EE3 /* Pods-InstaluraSwift.debug.xcconfig */;
			buildSettings = {
				ASSETCATALOG_COMPILER_APPICON_NAME = AppIcon;
				CODE_SIGN_STYLE = Automatic;
				DEVELOPMENT_TEAM = U3A2WCJ8XS;
				INFOPLIST_FILE = InstaluraSwift/Info.plist;
				LD_RUNPATH_SEARCH_PATHS = "$(inherited) @executable_path/Frameworks";
				PRODUCT_BUNDLE_IDENTIFIER = pcrbrandao.InstaluraSwift;
				PRODUCT_NAME = "$(TARGET_NAME)";
				SWIFT_VERSION = 4.0;
				TARGETED_DEVICE_FAMILY = "1,2";
			};
			name = Debug;
		};
		0032C55620E98C0400A25023 /* Release */ = {
			isa = XCBuildConfiguration;
			baseConfigurationReference = D9EF6AB55B5E5CC493A8FD17 /* Pods-InstaluraSwift.release.xcconfig */;
			buildSettings = {
				ASSETCATALOG_COMPILER_APPICON_NAME = AppIcon;
				CODE_SIGN_STYLE = Automatic;
				DEVELOPMENT_TEAM = U3A2WCJ8XS;
				INFOPLIST_FILE = InstaluraSwift/Info.plist;
				LD_RUNPATH_SEARCH_PATHS = "$(inherited) @executable_path/Frameworks";
				PRODUCT_BUNDLE_IDENTIFIER = pcrbrandao.InstaluraSwift;
				PRODUCT_NAME = "$(TARGET_NAME)";
				SWIFT_VERSION = 4.0;
				TARGETED_DEVICE_FAMILY = "1,2";
			};
			name = Release;
		};
		0032C55820E98C0400A25023 /* Debug */ = {
			isa = XCBuildConfiguration;
			buildSettings = {
				ALWAYS_EMBED_SWIFT_STANDARD_LIBRARIES = YES;
				BUNDLE_LOADER = "$(TEST_HOST)";
				CODE_SIGN_STYLE = Automatic;
				DEVELOPMENT_TEAM = U3A2WCJ8XS;
				INFOPLIST_FILE = InstaluraSwiftTests/Info.plist;
				LD_RUNPATH_SEARCH_PATHS = "$(inherited) @executable_path/Frameworks @loader_path/Frameworks";
				PRODUCT_BUNDLE_IDENTIFIER = pcrbrandao.InstaluraSwiftTests;
				PRODUCT_NAME = "$(TARGET_NAME)";
				SWIFT_VERSION = 4.0;
				TARGETED_DEVICE_FAMILY = "1,2";
				TEST_HOST = "$(BUILT_PRODUCTS_DIR)/InstaluraSwift.app/InstaluraSwift";
			};
			name = Debug;
		};
		0032C55920E98C0400A25023 /* Release */ = {
			isa = XCBuildConfiguration;
			buildSettings = {
				ALWAYS_EMBED_SWIFT_STANDARD_LIBRARIES = YES;
				BUNDLE_LOADER = "$(TEST_HOST)";
				CODE_SIGN_STYLE = Automatic;
				DEVELOPMENT_TEAM = U3A2WCJ8XS;
				INFOPLIST_FILE = InstaluraSwiftTests/Info.plist;
				LD_RUNPATH_SEARCH_PATHS = "$(inherited) @executable_path/Frameworks @loader_path/Frameworks";
				PRODUCT_BUNDLE_IDENTIFIER = pcrbrandao.InstaluraSwiftTests;
				PRODUCT_NAME = "$(TARGET_NAME)";
				SWIFT_VERSION = 4.0;
				TARGETED_DEVICE_FAMILY = "1,2";
				TEST_HOST = "$(BUILT_PRODUCTS_DIR)/InstaluraSwift.app/InstaluraSwift";
			};
			name = Release;
		};
		0032C55B20E98C0400A25023 /* Debug */ = {
			isa = XCBuildConfiguration;
			buildSettings = {
				ALWAYS_EMBED_SWIFT_STANDARD_LIBRARIES = YES;
				CODE_SIGN_STYLE = Automatic;
				DEVELOPMENT_TEAM = U3A2WCJ8XS;
				INFOPLIST_FILE = InstaluraSwiftUITests/Info.plist;
				LD_RUNPATH_SEARCH_PATHS = "$(inherited) @executable_path/Frameworks @loader_path/Frameworks";
				PRODUCT_BUNDLE_IDENTIFIER = pcrbrandao.InstaluraSwiftUITests;
				PRODUCT_NAME = "$(TARGET_NAME)";
				SWIFT_VERSION = 4.0;
				TARGETED_DEVICE_FAMILY = "1,2";
				TEST_TARGET_NAME = InstaluraSwift;
			};
			name = Debug;
		};
		0032C55C20E98C0400A25023 /* Release */ = {
			isa = XCBuildConfiguration;
			buildSettings = {
				ALWAYS_EMBED_SWIFT_STANDARD_LIBRARIES = YES;
				CODE_SIGN_STYLE = Automatic;
				DEVELOPMENT_TEAM = U3A2WCJ8XS;
				INFOPLIST_FILE = InstaluraSwiftUITests/Info.plist;
				LD_RUNPATH_SEARCH_PATHS = "$(inherited) @executable_path/Frameworks @loader_path/Frameworks";
				PRODUCT_BUNDLE_IDENTIFIER = pcrbrandao.InstaluraSwiftUITests;
				PRODUCT_NAME = "$(TARGET_NAME)";
				SWIFT_VERSION = 4.0;
				TARGETED_DEVICE_FAMILY = "1,2";
				TEST_TARGET_NAME = InstaluraSwift;
			};
			name = Release;
		};
/* End XCBuildConfiguration section */

/* Begin XCConfigurationList section */
		0032C52720E98C0400A25023 /* Build configuration list for PBXProject "InstaluraSwift" */ = {
			isa = XCConfigurationList;
			buildConfigurations = (
				0032C55220E98C0400A25023 /* Debug */,
				0032C55320E98C0400A25023 /* Release */,
			);
			defaultConfigurationIsVisible = 0;
			defaultConfigurationName = Release;
		};
		0032C55420E98C0400A25023 /* Build configuration list for PBXNativeTarget "InstaluraSwift" */ = {
			isa = XCConfigurationList;
			buildConfigurations = (
				0032C55520E98C0400A25023 /* Debug */,
				0032C55620E98C0400A25023 /* Release */,
			);
			defaultConfigurationIsVisible = 0;
			defaultConfigurationName = Release;
		};
		0032C55720E98C0400A25023 /* Build configuration list for PBXNativeTarget "InstaluraSwiftTests" */ = {
			isa = XCConfigurationList;
			buildConfigurations = (
				0032C55820E98C0400A25023 /* Debug */,
				0032C55920E98C0400A25023 /* Release */,
			);
			defaultConfigurationIsVisible = 0;
			defaultConfigurationName = Release;
		};
		0032C55A20E98C0400A25023 /* Build configuration list for PBXNativeTarget "InstaluraSwiftUITests" */ = {
			isa = XCConfigurationList;
			buildConfigurations = (
				0032C55B20E98C0400A25023 /* Debug */,
				0032C55C20E98C0400A25023 /* Release */,
			);
			defaultConfigurationIsVisible = 0;
			defaultConfigurationName = Release;
		};
/* End XCConfigurationList section */
	};
	rootObject = 0032C52420E98C0400A25023 /* Project object */;
}
